<?xml version="1.0" encoding="utf-8"?>
<Project ToolsVersion="4.0" xmlns="http://schemas.microsoft.com/developer/msbuild/2003">
  <ItemGroup>
    <Filter Include="源文件">
      <UniqueIdentifier>{4FC737F1-C7A5-4376-A066-2A32D752A2FF}</UniqueIdentifier>
      <Extensions>cpp;c;cc;cxx;c++;cppm;ixx;def;odl;idl;hpj;bat;asm;asmx</Extensions>
    </Filter>
    <Filter Include="资源文件">
      <UniqueIdentifier>{67DA6AB6-F800-4c08-8B7A-83BB121AAD01}</UniqueIdentifier>
      <Extensions>rc;ico;cur;bmp;dlg;rc2;rct;bin;rgs;gif;jpg;jpeg;jpe;resx;tiff;tif;png;wav;mfcribbon-ms</Extensions>
    </Filter>
    <Filter Include="dsound">
      <UniqueIdentifier>{c1658b30-058a-4852-95c9-11919f8a8679}</UniqueIdentifier>
    </Filter>
    <Filter Include="winmm">
      <UniqueIdentifier>{239b4720-76f5-4985-885b-634bad332193}</UniqueIdentifier>
    </Filter>
    <Filter Include="dxgi">
      <UniqueIdentifier>{a2d04457-ff88-464e-8f82-8561d1a92c43}</UniqueIdentifier>
    </Filter>
    <Filter Include="version">
      <UniqueIdentifier>{26451bee-23a1-4b09-b361-8acc219ebd17}</UniqueIdentifier>
    </Filter>
    <Filter Include="wumsadp">
      <UniqueIdentifier>{aa243cb1-0ac4-4346-828c-cfc0c59af743}</UniqueIdentifier>
    </Filter>
    <Filter Include="version_win7">
      <UniqueIdentifier>{599b5dcf-9c36-44af-8932-dced6c839979}</UniqueIdentifier>
    </Filter>
    <Filter Include="msacm32">
      <UniqueIdentifier>{093c5ad3-f7e2-4df4-bd2f-50512f5b0d1e}</UniqueIdentifier>
    </Filter>
  </ItemGroup>
  <ItemGroup>
    <ClInclude Include="convert.h">
      <Filter>源文件</Filter>
    </ClInclude>
    <ClInclude Include="readconfig.h">
      <Filter>源文件</Filter>
    </ClInclude>
    <ClInclude Include="..\winmm\dll_proxy.h">
      <Filter>winmm</Filter>
    </ClInclude>
    <ClInclude Include="..\dsound\dll_proxy.h">
      <Filter>dsound</Filter>
    </ClInclude>
    <ClInclude Include="..\dxgi\dll_proxy.h">
      <Filter>dxgi</Filter>
    </ClInclude>
    <ClInclude Include="..\version\dll_proxy.h">
      <Filter>version</Filter>
    </ClInclude>
    <ClInclude Include="..\wumsadp\dll_proxy.h">
      <Filter>wumsadp</Filter>
    </ClInclude>
    <ClInclude Include="..\version_win7\dll_proxy.h">
      <Filter>version_win7</Filter>
    </ClInclude>
    <ClInclude Include="..\msacm32\dll_proxy.h">
      <Filter>msacm32</Filter>
    </ClInclude>
  </ItemGroup>
  <ItemGroup>
    <ClCompile Include="dllmain.cpp">
      <Filter>源文件</Filter>
    </ClCompile>
    <ClCompile Include="readconfig.cpp">
      <Filter>源文件</Filter>
    </ClCompile>
    <ClCompile Include="convert.cpp">
      <Filter>源文件</Filter>
    </ClCompile>
  </ItemGroup>
</Project>