<?xml version="1.0" encoding="utf-8"?>
<Project ToolsVersion="4.0" xmlns="http://schemas.microsoft.com/developer/msbuild/2003">
  <ItemGroup>
    <ClCompile Include="..\LIB\convert.cpp" />
    <ClCompile Include="..\LIB\hookFont.cpp" />
    <ClCompile Include="..\LIB\HookTitle.cpp" />
    <ClCompile Include="..\LIB\LE.cpp" />
    <ClCompile Include="..\LIB\textReplacer.cpp" />
    <ClCompile Include="dllmain.cpp" />
    <ClCompile Include="HOOK_main.cpp" />
    <ClCompile Include="text_process.cpp" />
  </ItemGroup>
  <ItemGroup>
    <ClInclude Include="..\LIB\convert.h" />
    <ClInclude Include="..\LIB\detours.h" />
    <ClInclude Include="..\LIB\hookFont.h" />
    <ClInclude Include="..\LIB\HookTitle.h" />
    <ClInclude Include="..\LIB\LE.h" />
    <ClInclude Include="..\LIB\textReplacer.h" />
    <ClInclude Include="..\LIB\winapi_def.h" />
    <ClInclude Include="HOOK_main.h" />
    <ClInclude Include="text_process.h" />
  </ItemGroup>
  <ItemGroup>
    <Library Include="detours.lib" />
  </ItemGroup>
</Project>