
Microsoft Visual Studio Solution File, Format Version 12.00
# Visual Studio Version 17
VisualStudioVersion = 17.10.35027.167
MinimumVisualStudioVersion = 10.0.40219.1
Project("{8BC9CEB8-8B4A-11D0-8D11-00A0C91BC942}") = "winmm", "winmm\winmm.vcxproj", "{FC342D82-946C-4BD3-8BBD-B4C2D119E835}"
EndProject
Project("{8BC9CEB8-8B4A-11D0-8D11-00A0C91BC942}") = "TextShaping", "TextShaping\TextShaping.vcxproj", "{D2035F67-F4D6-4F53-BC88-826CE196BD6E}"
EndProject
Project("{8BC9CEB8-8B4A-11D0-8D11-00A0C91BC942}") = "AudioSes", "AudioSes\AudioSes.vcxproj", "{61ABD12A-E95D-495F-B4CC-DF0ACD24B8A9}"
EndProject
Project("{8BC9CEB8-8B4A-11D0-8D11-00A0C91BC942}") = "d3d9", "d3d9\d3d9.vcxproj", "{2617BB6A-6DCB-4E80-B48B-2DC5572CF08B}"
EndProject
Global
	GlobalSection(SolutionConfigurationPlatforms) = preSolution
		Debug|x64 = Debug|x64
		Debug|x86 = Debug|x86
		Release|x64 = Release|x64
		Release|x86 = Release|x86
	EndGlobalSection
	GlobalSection(ProjectConfigurationPlatforms) = postSolution
		{FC342D82-946C-4BD3-8BBD-B4C2D119E835}.Debug|x64.ActiveCfg = Debug|x64
		{FC342D82-946C-4BD3-8BBD-B4C2D119E835}.Debug|x64.Build.0 = Debug|x64
		{FC342D82-946C-4BD3-8BBD-B4C2D119E835}.Debug|x86.ActiveCfg = Debug|Win32
		{FC342D82-946C-4BD3-8BBD-B4C2D119E835}.Debug|x86.Build.0 = Debug|Win32
		{FC342D82-946C-4BD3-8BBD-B4C2D119E835}.Release|x64.ActiveCfg = Release|x64
		{FC342D82-946C-4BD3-8BBD-B4C2D119E835}.Release|x64.Build.0 = Release|x64
		{FC342D82-946C-4BD3-8BBD-B4C2D119E835}.Release|x86.ActiveCfg = Release|Win32
		{FC342D82-946C-4BD3-8BBD-B4C2D119E835}.Release|x86.Build.0 = Release|Win32
		{D2035F67-F4D6-4F53-BC88-826CE196BD6E}.Debug|x64.ActiveCfg = Debug|x64
		{D2035F67-F4D6-4F53-BC88-826CE196BD6E}.Debug|x64.Build.0 = Debug|x64
		{D2035F67-F4D6-4F53-BC88-826CE196BD6E}.Debug|x86.ActiveCfg = Debug|Win32
		{D2035F67-F4D6-4F53-BC88-826CE196BD6E}.Debug|x86.Build.0 = Debug|Win32
		{D2035F67-F4D6-4F53-BC88-826CE196BD6E}.Release|x64.ActiveCfg = Release|x64
		{D2035F67-F4D6-4F53-BC88-826CE196BD6E}.Release|x64.Build.0 = Release|x64
		{D2035F67-F4D6-4F53-BC88-826CE196BD6E}.Release|x86.ActiveCfg = Release|Win32
		{D2035F67-F4D6-4F53-BC88-826CE196BD6E}.Release|x86.Build.0 = Release|Win32
		{61ABD12A-E95D-495F-B4CC-DF0ACD24B8A9}.Debug|x64.ActiveCfg = Debug|x64
		{61ABD12A-E95D-495F-B4CC-DF0ACD24B8A9}.Debug|x64.Build.0 = Debug|x64
		{61ABD12A-E95D-495F-B4CC-DF0ACD24B8A9}.Debug|x86.ActiveCfg = Debug|Win32
		{61ABD12A-E95D-495F-B4CC-DF0ACD24B8A9}.Debug|x86.Build.0 = Debug|Win32
		{61ABD12A-E95D-495F-B4CC-DF0ACD24B8A9}.Release|x64.ActiveCfg = Release|x64
		{61ABD12A-E95D-495F-B4CC-DF0ACD24B8A9}.Release|x64.Build.0 = Release|x64
		{61ABD12A-E95D-495F-B4CC-DF0ACD24B8A9}.Release|x86.ActiveCfg = Release|Win32
		{61ABD12A-E95D-495F-B4CC-DF0ACD24B8A9}.Release|x86.Build.0 = Release|Win32
		{2617BB6A-6DCB-4E80-B48B-2DC5572CF08B}.Debug|x64.ActiveCfg = Debug|x64
		{2617BB6A-6DCB-4E80-B48B-2DC5572CF08B}.Debug|x64.Build.0 = Debug|x64
		{2617BB6A-6DCB-4E80-B48B-2DC5572CF08B}.Debug|x86.ActiveCfg = Debug|Win32
		{2617BB6A-6DCB-4E80-B48B-2DC5572CF08B}.Debug|x86.Build.0 = Debug|Win32
		{2617BB6A-6DCB-4E80-B48B-2DC5572CF08B}.Release|x64.ActiveCfg = Release|x64
		{2617BB6A-6DCB-4E80-B48B-2DC5572CF08B}.Release|x64.Build.0 = Release|x64
		{2617BB6A-6DCB-4E80-B48B-2DC5572CF08B}.Release|x86.ActiveCfg = Release|Win32
		{2617BB6A-6DCB-4E80-B48B-2DC5572CF08B}.Release|x86.Build.0 = Release|Win32
	EndGlobalSection
	GlobalSection(SolutionProperties) = preSolution
		HideSolutionNode = FALSE
	EndGlobalSection
	GlobalSection(ExtensibilityGlobals) = postSolution
		SolutionGuid = {0B844223-B2CF-447B-BD84-BEB81BB05E82}
	EndGlobalSection
EndGlobal
