<?xml version="1.0" encoding="utf-8"?>
<Project ToolsVersion="4.0" xmlns="http://schemas.microsoft.com/developer/msbuild/2003">
  <ItemGroup>
    <ClCompile Include="..\LIB\convert.cpp" />
    <ClCompile Include="..\LIB\hookFont.cpp" />
    <ClCompile Include="..\LIB\HookTitle.cpp" />
    <ClCompile Include="..\LIB\textReplacer.cpp" />
    <ClCompile Include="dllmain.cpp" />
    <ClCompile Include="HOOK_main.cpp" />
    <ClCompile Include="text_process.cpp" />
    <ClCompile Include="..\LIB\LR\LRCommonLibrary.cpp">
      <Filter>LR</Filter>
    </ClCompile>
    <ClCompile Include="..\LIB\LR\LRHook.cpp">
      <Filter>LR</Filter>
    </ClCompile>
    <ClCompile Include="..\LIB\LR\LRHookFunc.cpp">
      <Filter>LR</Filter>
    </ClCompile>
  </ItemGroup>
  <ItemGroup>
    <ClInclude Include="..\LIB\convert.h" />
    <ClInclude Include="..\LIB\detours.h" />
    <ClInclude Include="..\LIB\hookFont.h" />
    <ClInclude Include="..\LIB\HookTitle.h" />
    <ClInclude Include="..\LIB\textReplacer.h" />
    <ClInclude Include="..\LIB\winapi_def.h" />
    <ClInclude Include="HOOK_main.h" />
    <ClInclude Include="text_process.h" />
    <ClInclude Include="..\LIB\LR\KernelbaseHook.h">
      <Filter>LR</Filter>
    </ClInclude>
    <ClInclude Include="..\LIB\LR\LRCommonLibrary.h">
      <Filter>LR</Filter>
    </ClInclude>
    <ClInclude Include="..\LIB\LR\LRHook.h">
      <Filter>LR</Filter>
    </ClInclude>
    <ClInclude Include="..\LIB\LR\LRHookFunc.h">
      <Filter>LR</Filter>
    </ClInclude>
    <ClInclude Include="..\LIB\LR\LROriginalFunc.h">
      <Filter>LR</Filter>
    </ClInclude>
  </ItemGroup>
  <ItemGroup>
    <Library Include="detours.lib" />
  </ItemGroup>
  <ItemGroup>
    <Filter Include="LR">
      <UniqueIdentifier>{ea99a011-1898-49bc-9a8d-ecfb6c5d3c35}</UniqueIdentifier>
    </Filter>
  </ItemGroup>
</Project>