
Microsoft Visual Studio Solution File, Format Version 12.00
# Visual Studio Version 17
VisualStudioVersion = 17.10.35027.167
MinimumVisualStudioVersion = 10.0.40219.1
Project("{8BC9CEB8-8B4A-11D0-8D11-00A0C91BC942}") = "Yotsuiro", "Yotsuiro\Yotsuiro.vcxproj", "{45AD220B-326D-4C5E-92A7-0642DBB3BACC}"
EndProject
Global
	GlobalSection(SolutionConfigurationPlatforms) = preSolution
		Debug|x64 = Debug|x64
		Debug|x86 = Debug|x86
		Release|x64 = Release|x64
		Release|x86 = Release|x86
	EndGlobalSection
	GlobalSection(ProjectConfigurationPlatforms) = postSolution
		{45AD220B-326D-4C5E-92A7-0642DBB3BACC}.Debug|x64.ActiveCfg = Debug|x64
		{45AD220B-326D-4C5E-92A7-0642DBB3BACC}.Debug|x64.Build.0 = Debug|x64
		{45AD220B-326D-4C5E-92A7-0642DBB3BACC}.Debug|x86.ActiveCfg = Debug|Win32
		{45AD220B-326D-4C5E-92A7-0642DBB3BACC}.Debug|x86.Build.0 = Debug|Win32
		{45AD220B-326D-4C5E-92A7-0642DBB3BACC}.Release|x64.ActiveCfg = Release|x64
		{45AD220B-326D-4C5E-92A7-0642DBB3BACC}.Release|x64.Build.0 = Release|x64
		{45AD220B-326D-4C5E-92A7-0642DBB3BACC}.Release|x86.ActiveCfg = Release|Win32
		{45AD220B-326D-4C5E-92A7-0642DBB3BACC}.Release|x86.Build.0 = Release|Win32
	EndGlobalSection
	GlobalSection(SolutionProperties) = preSolution
		HideSolutionNode = FALSE
	EndGlobalSection
	GlobalSection(ExtensibilityGlobals) = postSolution
		SolutionGuid = {0B844223-B2CF-447B-BD84-BEB81BB05E82}
	EndGlobalSection
EndGlobal
