
Microsoft Visual Studio Solution File, Format Version 12.00
# Visual Studio Version 17
VisualStudioVersion = 17.10.35027.167
MinimumVisualStudioVersion = 10.0.40219.1
Project("{8BC9CEB8-8B4A-11D0-8D11-00A0C91BC942}") = "proxy", "proxy\proxy.vcxproj", "{4428A77E-55E6-4890-A53A-5629A71F2E86}"
EndProject
Global
	GlobalSection(SolutionConfigurationPlatforms) = preSolution
		dsound|x86 = dsound|x86
		dxgi|x86 = dxgi|x86
		msacm32|x86 = msacm32|x86
		version_win7|x86 = version_win7|x86
		version|x86 = version|x86
		winmm|x86 = winmm|x86
		wumsadp|x86 = wumsadp|x86
	EndGlobalSection
	GlobalSection(ProjectConfigurationPlatforms) = postSolution
		{4428A77E-55E6-4890-A53A-5629A71F2E86}.dsound|x86.ActiveCfg = dsound|Win32
		{4428A77E-55E6-4890-A53A-5629A71F2E86}.dsound|x86.Build.0 = dsound|Win32
		{4428A77E-55E6-4890-A53A-5629A71F2E86}.dxgi|x86.ActiveCfg = winmm|Win32
		{4428A77E-55E6-4890-A53A-5629A71F2E86}.dxgi|x86.Build.0 = winmm|Win32
		{4428A77E-55E6-4890-A53A-5629A71F2E86}.msacm32|x86.ActiveCfg = msacm32|Win32
		{4428A77E-55E6-4890-A53A-5629A71F2E86}.msacm32|x86.Build.0 = msacm32|Win32
		{4428A77E-55E6-4890-A53A-5629A71F2E86}.version_win7|x86.ActiveCfg = version_win7|Win32
		{4428A77E-55E6-4890-A53A-5629A71F2E86}.version_win7|x86.Build.0 = version_win7|Win32
		{4428A77E-55E6-4890-A53A-5629A71F2E86}.version|x86.ActiveCfg = version|Win32
		{4428A77E-55E6-4890-A53A-5629A71F2E86}.version|x86.Build.0 = version|Win32
		{4428A77E-55E6-4890-A53A-5629A71F2E86}.winmm|x86.ActiveCfg = winmm|Win32
		{4428A77E-55E6-4890-A53A-5629A71F2E86}.winmm|x86.Build.0 = winmm|Win32
		{4428A77E-55E6-4890-A53A-5629A71F2E86}.wumsadp|x86.ActiveCfg = wumsadp|Win32
		{4428A77E-55E6-4890-A53A-5629A71F2E86}.wumsadp|x86.Build.0 = wumsadp|Win32
	EndGlobalSection
	GlobalSection(SolutionProperties) = preSolution
		HideSolutionNode = FALSE
	EndGlobalSection
	GlobalSection(ExtensibilityGlobals) = postSolution
		SolutionGuid = {0B844223-B2CF-447B-BD84-BEB81BB05E82}
	EndGlobalSection
EndGlobal
