
Microsoft Visual Studio Solution File, Format Version 12.00
# Visual Studio Version 17
VisualStudioVersion = 17.10.35027.167
MinimumVisualStudioVersion = 10.0.40219.1
Project("{8BC9CEB8-8B4A-11D0-8D11-00A0C91BC942}") = "resident_HOOK", "resident\resident.vcxproj", "{45AD220B-326D-4C5E-92A7-0642DBB3BACC}"
EndProject
Project("{8BC9CEB8-8B4A-11D0-8D11-00A0C91BC942}") = "TrueBlue", "TrueBlue\TrueBlue.vcxproj", "{E2435857-6AA0-46CF-989D-978CD5B5BD22}"
EndProject
Project("{8BC9CEB8-8B4A-11D0-8D11-00A0C91BC942}") = "HELLGUIDEHOOK", "Hell Guide\Hell Guide.vcxproj", "{0F870391-6E8A-4DCE-A33F-A15576AD1E10}"
EndProject
Project("{8BC9CEB8-8B4A-11D0-8D11-00A0C91BC942}") = "resident_old_HOOK", "resident_old\resident_old.vcxproj", "{B79F9B06-23F5-4C5F-8021-271266CFFB7A}"
EndProject
Project("{8BC9CEB8-8B4A-11D0-8D11-00A0C91BC942}") = "resident_old_HOOK2", "resident_old2\resident_old2.vcxproj", "{9E8E26C7-4818-417F-A736-59FC54BCD281}"
EndProject
Project("{8BC9CEB8-8B4A-11D0-8D11-00A0C91BC942}") = "YWXX3HOOK", "YWXX3\YWXX3.vcxproj", "{C04E75D8-B75D-4675-A3BB-CBDB5EF89F80}"
EndProject
Project("{8BC9CEB8-8B4A-11D0-8D11-00A0C91BC942}") = "FONTCHANGER", "FONTCHANGER\FONTCHANGER.vcxproj", "{84B9C4A8-8895-48FB-9629-A8ED498AB9C5}"
EndProject
Global
	GlobalSection(SolutionConfigurationPlatforms) = preSolution
		Debug|x64 = Debug|x64
		Debug|x86 = Debug|x86
		Release|x64 = Release|x64
		Release|x86 = Release|x86
	EndGlobalSection
	GlobalSection(ProjectConfigurationPlatforms) = postSolution
		{45AD220B-326D-4C5E-92A7-0642DBB3BACC}.Debug|x64.ActiveCfg = Debug|x64
		{45AD220B-326D-4C5E-92A7-0642DBB3BACC}.Debug|x64.Build.0 = Debug|x64
		{45AD220B-326D-4C5E-92A7-0642DBB3BACC}.Debug|x86.ActiveCfg = Debug|Win32
		{45AD220B-326D-4C5E-92A7-0642DBB3BACC}.Debug|x86.Build.0 = Debug|Win32
		{45AD220B-326D-4C5E-92A7-0642DBB3BACC}.Release|x64.ActiveCfg = Release|x64
		{45AD220B-326D-4C5E-92A7-0642DBB3BACC}.Release|x64.Build.0 = Release|x64
		{45AD220B-326D-4C5E-92A7-0642DBB3BACC}.Release|x86.ActiveCfg = Release|Win32
		{45AD220B-326D-4C5E-92A7-0642DBB3BACC}.Release|x86.Build.0 = Release|Win32
		{E2435857-6AA0-46CF-989D-978CD5B5BD22}.Debug|x64.ActiveCfg = Debug|x64
		{E2435857-6AA0-46CF-989D-978CD5B5BD22}.Debug|x64.Build.0 = Debug|x64
		{E2435857-6AA0-46CF-989D-978CD5B5BD22}.Debug|x86.ActiveCfg = Debug|Win32
		{E2435857-6AA0-46CF-989D-978CD5B5BD22}.Debug|x86.Build.0 = Debug|Win32
		{E2435857-6AA0-46CF-989D-978CD5B5BD22}.Release|x64.ActiveCfg = Release|x64
		{E2435857-6AA0-46CF-989D-978CD5B5BD22}.Release|x64.Build.0 = Release|x64
		{E2435857-6AA0-46CF-989D-978CD5B5BD22}.Release|x86.ActiveCfg = Release|Win32
		{E2435857-6AA0-46CF-989D-978CD5B5BD22}.Release|x86.Build.0 = Release|Win32
		{0F870391-6E8A-4DCE-A33F-A15576AD1E10}.Debug|x64.ActiveCfg = Debug|x64
		{0F870391-6E8A-4DCE-A33F-A15576AD1E10}.Debug|x64.Build.0 = Debug|x64
		{0F870391-6E8A-4DCE-A33F-A15576AD1E10}.Debug|x86.ActiveCfg = Debug|Win32
		{0F870391-6E8A-4DCE-A33F-A15576AD1E10}.Debug|x86.Build.0 = Debug|Win32
		{0F870391-6E8A-4DCE-A33F-A15576AD1E10}.Release|x64.ActiveCfg = Release|x64
		{0F870391-6E8A-4DCE-A33F-A15576AD1E10}.Release|x64.Build.0 = Release|x64
		{0F870391-6E8A-4DCE-A33F-A15576AD1E10}.Release|x86.ActiveCfg = Release|Win32
		{0F870391-6E8A-4DCE-A33F-A15576AD1E10}.Release|x86.Build.0 = Release|Win32
		{B79F9B06-23F5-4C5F-8021-271266CFFB7A}.Debug|x64.ActiveCfg = Release|Win32
		{B79F9B06-23F5-4C5F-8021-271266CFFB7A}.Debug|x64.Build.0 = Release|Win32
		{B79F9B06-23F5-4C5F-8021-271266CFFB7A}.Debug|x86.ActiveCfg = Release|Win32
		{B79F9B06-23F5-4C5F-8021-271266CFFB7A}.Debug|x86.Build.0 = Release|Win32
		{B79F9B06-23F5-4C5F-8021-271266CFFB7A}.Release|x64.ActiveCfg = Release|Win32
		{B79F9B06-23F5-4C5F-8021-271266CFFB7A}.Release|x64.Build.0 = Release|Win32
		{B79F9B06-23F5-4C5F-8021-271266CFFB7A}.Release|x86.ActiveCfg = Release|Win32
		{B79F9B06-23F5-4C5F-8021-271266CFFB7A}.Release|x86.Build.0 = Release|Win32
		{9E8E26C7-4818-417F-A736-59FC54BCD281}.Debug|x64.ActiveCfg = Release|Win32
		{9E8E26C7-4818-417F-A736-59FC54BCD281}.Debug|x64.Build.0 = Release|Win32
		{9E8E26C7-4818-417F-A736-59FC54BCD281}.Debug|x86.ActiveCfg = Release|Win32
		{9E8E26C7-4818-417F-A736-59FC54BCD281}.Debug|x86.Build.0 = Release|Win32
		{9E8E26C7-4818-417F-A736-59FC54BCD281}.Release|x64.ActiveCfg = Release|Win32
		{9E8E26C7-4818-417F-A736-59FC54BCD281}.Release|x64.Build.0 = Release|Win32
		{9E8E26C7-4818-417F-A736-59FC54BCD281}.Release|x86.ActiveCfg = Release|Win32
		{9E8E26C7-4818-417F-A736-59FC54BCD281}.Release|x86.Build.0 = Release|Win32
		{C04E75D8-B75D-4675-A3BB-CBDB5EF89F80}.Debug|x64.ActiveCfg = Debug|x64
		{C04E75D8-B75D-4675-A3BB-CBDB5EF89F80}.Debug|x64.Build.0 = Debug|x64
		{C04E75D8-B75D-4675-A3BB-CBDB5EF89F80}.Debug|x86.ActiveCfg = Debug|Win32
		{C04E75D8-B75D-4675-A3BB-CBDB5EF89F80}.Debug|x86.Build.0 = Debug|Win32
		{C04E75D8-B75D-4675-A3BB-CBDB5EF89F80}.Release|x64.ActiveCfg = Release|x64
		{C04E75D8-B75D-4675-A3BB-CBDB5EF89F80}.Release|x64.Build.0 = Release|x64
		{C04E75D8-B75D-4675-A3BB-CBDB5EF89F80}.Release|x86.ActiveCfg = Release|Win32
		{C04E75D8-B75D-4675-A3BB-CBDB5EF89F80}.Release|x86.Build.0 = Release|Win32
		{84B9C4A8-8895-48FB-9629-A8ED498AB9C5}.Debug|x64.ActiveCfg = Debug|x64
		{84B9C4A8-8895-48FB-9629-A8ED498AB9C5}.Debug|x64.Build.0 = Debug|x64
		{84B9C4A8-8895-48FB-9629-A8ED498AB9C5}.Debug|x86.ActiveCfg = Debug|Win32
		{84B9C4A8-8895-48FB-9629-A8ED498AB9C5}.Debug|x86.Build.0 = Debug|Win32
		{84B9C4A8-8895-48FB-9629-A8ED498AB9C5}.Release|x64.ActiveCfg = Release|x64
		{84B9C4A8-8895-48FB-9629-A8ED498AB9C5}.Release|x64.Build.0 = Release|x64
		{84B9C4A8-8895-48FB-9629-A8ED498AB9C5}.Release|x86.ActiveCfg = Release|Win32
		{84B9C4A8-8895-48FB-9629-A8ED498AB9C5}.Release|x86.Build.0 = Release|Win32
	EndGlobalSection
	GlobalSection(SolutionProperties) = preSolution
		HideSolutionNode = FALSE
	EndGlobalSection
	GlobalSection(ExtensibilityGlobals) = postSolution
		SolutionGuid = {0B844223-B2CF-447B-BD84-BEB81BB05E82}
	EndGlobalSection
EndGlobal
