
Microsoft Visual Studio Solution File, Format Version 12.00
# Visual Studio Version 17
VisualStudioVersion = 17.10.35027.167
MinimumVisualStudioVersion = 10.0.40219.1
Project("{8BC9CEB8-8B4A-11D0-8D11-00A0C91BC942}") = "resident_HOOK", "resident\resident.vcxproj", "{45AD220B-326D-4C5E-92A7-0642DBB3BACC}"
EndProject
Project("{8BC9CEB8-8B4A-11D0-8D11-00A0C91BC942}") = "TrueBlue", "TrueBlue\TrueBlue.vcxproj", "{E2435857-6AA0-46CF-989D-978CD5B5BD22}"
EndProject
Project("{8BC9CEB8-8B4A-11D0-8D11-00A0C91BC942}") = "HELLGUIDEHOOK", "Hell Guide\Hell Guide.vcxproj", "{0F870391-6E8A-4DCE-A33F-A15576AD1E10}"
EndProject
Project("{8BC9CEB8-8B4A-11D0-8D11-00A0C91BC942}") = "resident_old_HOOK", "resident_old\resident_old.vcxproj", "{B79F9B06-23F5-4C5F-8021-271266CFFB7A}"
EndProject
Project("{8BC9CEB8-8B4A-11D0-8D11-00A0C91BC942}") = "resident_old_HOOK2", "resident_old2\resident_old2.vcxproj", "{9E8E26C7-4818-417F-A736-59FC54BCD281}"
EndProject
Project("{8BC9CEB8-8B4A-11D0-8D11-00A0C91BC942}") = "YWXX3HOOK", "YWXX3\YWXX3.vcxproj", "{C04E75D8-B75D-4675-A3BB-CBDB5EF89F80}"
EndProject
Project("{8BC9CEB8-8B4A-11D0-8D11-00A0C91BC942}") = "FONTCHANGER", "FONTCHANGER\FONTCHANGER.vcxproj", "{84B9C4A8-8895-48FB-9629-A8ED498AB9C5}"
EndProject
Project("{8BC9CEB8-8B4A-11D0-8D11-00A0C91BC942}") = "bruns2", "bruns2\bruns2.vcxproj", "{9924AAFF-03E5-4879-9E91-164BB279C98E}"
EndProject
Project("{8BC9CEB8-8B4A-11D0-8D11-00A0C91BC942}") = "shakinshimaFD", "shakinshimaFD\shakinshimaFD.vcxproj", "{C69C2A90-2B0A-48B4-87AF-1A47451C66F0}"
EndProject
Project("{8BC9CEB8-8B4A-11D0-8D11-00A0C91BC942}") = "toriko", "TORIKO\TORIKO.vcxproj", "{D5F17AF4-1819-48CE-AE76-7D0BBAACFEF3}"
EndProject
Project("{8BC9CEB8-8B4A-11D0-8D11-00A0C91BC942}") = "syyh", "syyh\syyh.vcxproj", "{30C71824-CFEC-48AF-8E34-2B9F4BB2BEAA}"
EndProject
Project("{8BC9CEB8-8B4A-11D0-8D11-00A0C91BC942}") = "meguri", "meguri\meguri.vcxproj", "{DFED46FD-4AA8-4BAB-BAEF-4E4FDAC9EAAB}"
EndProject
Project("{8BC9CEB8-8B4A-11D0-8D11-00A0C91BC942}") = "かみのゆ", "かみのゆ\かみのゆ.vcxproj", "{0CFEA647-3F16-4EAF-94C5-50A6BE1406A1}"
EndProject
Project("{8BC9CEB8-8B4A-11D0-8D11-00A0C91BC942}") = "LELOADER", "LELOADER\LELOADER.vcxproj", "{462CD087-FE67-4059-8F1B-7AE1613B0510}"
EndProject
Project("{8BC9CEB8-8B4A-11D0-8D11-00A0C91BC942}") = "wagahime", "wagahime\wagahime.vcxproj", "{D0B7C975-583E-4F54-A3D5-436A4ED56795}"
EndProject
Project("{8BC9CEB8-8B4A-11D0-8D11-00A0C91BC942}") = "innocencepain", "innocencepain\innocencepain.vcxproj", "{013FDDE8-66CB-45C3-8919-BFBFDF11852C}"
EndProject
Project("{8BC9CEB8-8B4A-11D0-8D11-00A0C91BC942}") = "niekari", "niekari\niekari.vcxproj", "{AFC544B1-50BE-46AA-9A3E-B0D5F8EFC58C}"
EndProject
Project("{8BC9CEB8-8B4A-11D0-8D11-00A0C91BC942}") = "SHIROKURO", "SHIROKURO\SHIROKURO.vcxproj", "{2E36B40D-FD37-48B2-BAC0-0B630B0B19C9}"
EndProject
Project("{8BC9CEB8-8B4A-11D0-8D11-00A0C91BC942}") = "lovelab", "LOVELAB\lovelab.vcxproj", "{241B5A5A-F361-4C0A-8935-9C721F8DCDA1}"
EndProject
Project("{8BC9CEB8-8B4A-11D0-8D11-00A0C91BC942}") = "いつか降る雪", "いつか降る雪\いつか降る雪.vcxproj", "{53963019-936E-45E5-8442-6176EA00C071}"
EndProject
Global
	GlobalSection(SolutionConfigurationPlatforms) = preSolution
		Debug|x64 = Debug|x64
		Debug|x86 = Debug|x86
		proxy_wumsadp|x64 = proxy_wumsadp|x64
		proxy_wumsadp|x86 = proxy_wumsadp|x86
		Release|x64 = Release|x64
		Release|x86 = Release|x86
	EndGlobalSection
	GlobalSection(ProjectConfigurationPlatforms) = postSolution
		{45AD220B-326D-4C5E-92A7-0642DBB3BACC}.Debug|x64.ActiveCfg = Debug|x64
		{45AD220B-326D-4C5E-92A7-0642DBB3BACC}.Debug|x64.Build.0 = Debug|x64
		{45AD220B-326D-4C5E-92A7-0642DBB3BACC}.Debug|x86.ActiveCfg = Debug|Win32
		{45AD220B-326D-4C5E-92A7-0642DBB3BACC}.Debug|x86.Build.0 = Debug|Win32
		{45AD220B-326D-4C5E-92A7-0642DBB3BACC}.proxy_wumsadp|x64.ActiveCfg = proxy_wumsadp|x64
		{45AD220B-326D-4C5E-92A7-0642DBB3BACC}.proxy_wumsadp|x64.Build.0 = proxy_wumsadp|x64
		{45AD220B-326D-4C5E-92A7-0642DBB3BACC}.proxy_wumsadp|x86.ActiveCfg = proxy_wumsadp|Win32
		{45AD220B-326D-4C5E-92A7-0642DBB3BACC}.proxy_wumsadp|x86.Build.0 = proxy_wumsadp|Win32
		{45AD220B-326D-4C5E-92A7-0642DBB3BACC}.Release|x64.ActiveCfg = Release|x64
		{45AD220B-326D-4C5E-92A7-0642DBB3BACC}.Release|x64.Build.0 = Release|x64
		{45AD220B-326D-4C5E-92A7-0642DBB3BACC}.Release|x86.ActiveCfg = Release|Win32
		{45AD220B-326D-4C5E-92A7-0642DBB3BACC}.Release|x86.Build.0 = Release|Win32
		{E2435857-6AA0-46CF-989D-978CD5B5BD22}.Debug|x64.ActiveCfg = Debug|x64
		{E2435857-6AA0-46CF-989D-978CD5B5BD22}.Debug|x64.Build.0 = Debug|x64
		{E2435857-6AA0-46CF-989D-978CD5B5BD22}.Debug|x86.ActiveCfg = Debug|Win32
		{E2435857-6AA0-46CF-989D-978CD5B5BD22}.Debug|x86.Build.0 = Debug|Win32
		{E2435857-6AA0-46CF-989D-978CD5B5BD22}.proxy_wumsadp|x64.ActiveCfg = proxy_wumsadp|x64
		{E2435857-6AA0-46CF-989D-978CD5B5BD22}.proxy_wumsadp|x64.Build.0 = proxy_wumsadp|x64
		{E2435857-6AA0-46CF-989D-978CD5B5BD22}.proxy_wumsadp|x86.ActiveCfg = proxy_wumsadp|Win32
		{E2435857-6AA0-46CF-989D-978CD5B5BD22}.proxy_wumsadp|x86.Build.0 = proxy_wumsadp|Win32
		{E2435857-6AA0-46CF-989D-978CD5B5BD22}.Release|x64.ActiveCfg = Release|x64
		{E2435857-6AA0-46CF-989D-978CD5B5BD22}.Release|x64.Build.0 = Release|x64
		{E2435857-6AA0-46CF-989D-978CD5B5BD22}.Release|x86.ActiveCfg = Release|Win32
		{E2435857-6AA0-46CF-989D-978CD5B5BD22}.Release|x86.Build.0 = Release|Win32
		{0F870391-6E8A-4DCE-A33F-A15576AD1E10}.Debug|x64.ActiveCfg = Debug|x64
		{0F870391-6E8A-4DCE-A33F-A15576AD1E10}.Debug|x64.Build.0 = Debug|x64
		{0F870391-6E8A-4DCE-A33F-A15576AD1E10}.Debug|x86.ActiveCfg = Debug|Win32
		{0F870391-6E8A-4DCE-A33F-A15576AD1E10}.Debug|x86.Build.0 = Debug|Win32
		{0F870391-6E8A-4DCE-A33F-A15576AD1E10}.proxy_wumsadp|x64.ActiveCfg = proxy_wumsadp|x64
		{0F870391-6E8A-4DCE-A33F-A15576AD1E10}.proxy_wumsadp|x64.Build.0 = proxy_wumsadp|x64
		{0F870391-6E8A-4DCE-A33F-A15576AD1E10}.proxy_wumsadp|x86.ActiveCfg = proxy_wumsadp|Win32
		{0F870391-6E8A-4DCE-A33F-A15576AD1E10}.proxy_wumsadp|x86.Build.0 = proxy_wumsadp|Win32
		{0F870391-6E8A-4DCE-A33F-A15576AD1E10}.Release|x64.ActiveCfg = Release|x64
		{0F870391-6E8A-4DCE-A33F-A15576AD1E10}.Release|x64.Build.0 = Release|x64
		{0F870391-6E8A-4DCE-A33F-A15576AD1E10}.Release|x86.ActiveCfg = Release|Win32
		{0F870391-6E8A-4DCE-A33F-A15576AD1E10}.Release|x86.Build.0 = Release|Win32
		{B79F9B06-23F5-4C5F-8021-271266CFFB7A}.Debug|x64.ActiveCfg = Release|Win32
		{B79F9B06-23F5-4C5F-8021-271266CFFB7A}.Debug|x64.Build.0 = Release|Win32
		{B79F9B06-23F5-4C5F-8021-271266CFFB7A}.Debug|x86.ActiveCfg = Release|Win32
		{B79F9B06-23F5-4C5F-8021-271266CFFB7A}.Debug|x86.Build.0 = Release|Win32
		{B79F9B06-23F5-4C5F-8021-271266CFFB7A}.proxy_wumsadp|x64.ActiveCfg = proxy_wumsadp|Win32
		{B79F9B06-23F5-4C5F-8021-271266CFFB7A}.proxy_wumsadp|x64.Build.0 = proxy_wumsadp|Win32
		{B79F9B06-23F5-4C5F-8021-271266CFFB7A}.proxy_wumsadp|x86.ActiveCfg = proxy_wumsadp|Win32
		{B79F9B06-23F5-4C5F-8021-271266CFFB7A}.proxy_wumsadp|x86.Build.0 = proxy_wumsadp|Win32
		{B79F9B06-23F5-4C5F-8021-271266CFFB7A}.Release|x64.ActiveCfg = Release|Win32
		{B79F9B06-23F5-4C5F-8021-271266CFFB7A}.Release|x64.Build.0 = Release|Win32
		{B79F9B06-23F5-4C5F-8021-271266CFFB7A}.Release|x86.ActiveCfg = Release|Win32
		{B79F9B06-23F5-4C5F-8021-271266CFFB7A}.Release|x86.Build.0 = Release|Win32
		{9E8E26C7-4818-417F-A736-59FC54BCD281}.Debug|x64.ActiveCfg = Release|Win32
		{9E8E26C7-4818-417F-A736-59FC54BCD281}.Debug|x64.Build.0 = Release|Win32
		{9E8E26C7-4818-417F-A736-59FC54BCD281}.Debug|x86.ActiveCfg = Release|Win32
		{9E8E26C7-4818-417F-A736-59FC54BCD281}.Debug|x86.Build.0 = Release|Win32
		{9E8E26C7-4818-417F-A736-59FC54BCD281}.proxy_wumsadp|x64.ActiveCfg = proxy_wumsadp|Win32
		{9E8E26C7-4818-417F-A736-59FC54BCD281}.proxy_wumsadp|x64.Build.0 = proxy_wumsadp|Win32
		{9E8E26C7-4818-417F-A736-59FC54BCD281}.proxy_wumsadp|x86.ActiveCfg = proxy_wumsadp|Win32
		{9E8E26C7-4818-417F-A736-59FC54BCD281}.proxy_wumsadp|x86.Build.0 = proxy_wumsadp|Win32
		{9E8E26C7-4818-417F-A736-59FC54BCD281}.Release|x64.ActiveCfg = Release|Win32
		{9E8E26C7-4818-417F-A736-59FC54BCD281}.Release|x64.Build.0 = Release|Win32
		{9E8E26C7-4818-417F-A736-59FC54BCD281}.Release|x86.ActiveCfg = Release|Win32
		{9E8E26C7-4818-417F-A736-59FC54BCD281}.Release|x86.Build.0 = Release|Win32
		{C04E75D8-B75D-4675-A3BB-CBDB5EF89F80}.Debug|x64.ActiveCfg = Debug|x64
		{C04E75D8-B75D-4675-A3BB-CBDB5EF89F80}.Debug|x64.Build.0 = Debug|x64
		{C04E75D8-B75D-4675-A3BB-CBDB5EF89F80}.Debug|x86.ActiveCfg = Debug|Win32
		{C04E75D8-B75D-4675-A3BB-CBDB5EF89F80}.Debug|x86.Build.0 = Debug|Win32
		{C04E75D8-B75D-4675-A3BB-CBDB5EF89F80}.proxy_wumsadp|x64.ActiveCfg = proxy_wumsadp|x64
		{C04E75D8-B75D-4675-A3BB-CBDB5EF89F80}.proxy_wumsadp|x64.Build.0 = proxy_wumsadp|x64
		{C04E75D8-B75D-4675-A3BB-CBDB5EF89F80}.proxy_wumsadp|x86.ActiveCfg = proxy_wumsadp|Win32
		{C04E75D8-B75D-4675-A3BB-CBDB5EF89F80}.proxy_wumsadp|x86.Build.0 = proxy_wumsadp|Win32
		{C04E75D8-B75D-4675-A3BB-CBDB5EF89F80}.Release|x64.ActiveCfg = Release|x64
		{C04E75D8-B75D-4675-A3BB-CBDB5EF89F80}.Release|x64.Build.0 = Release|x64
		{C04E75D8-B75D-4675-A3BB-CBDB5EF89F80}.Release|x86.ActiveCfg = Release|Win32
		{C04E75D8-B75D-4675-A3BB-CBDB5EF89F80}.Release|x86.Build.0 = Release|Win32
		{84B9C4A8-8895-48FB-9629-A8ED498AB9C5}.Debug|x64.ActiveCfg = Debug|x64
		{84B9C4A8-8895-48FB-9629-A8ED498AB9C5}.Debug|x64.Build.0 = Debug|x64
		{84B9C4A8-8895-48FB-9629-A8ED498AB9C5}.Debug|x86.ActiveCfg = Debug|Win32
		{84B9C4A8-8895-48FB-9629-A8ED498AB9C5}.Debug|x86.Build.0 = Debug|Win32
		{84B9C4A8-8895-48FB-9629-A8ED498AB9C5}.proxy_wumsadp|x64.ActiveCfg = proxy_wumsadp|x64
		{84B9C4A8-8895-48FB-9629-A8ED498AB9C5}.proxy_wumsadp|x64.Build.0 = proxy_wumsadp|x64
		{84B9C4A8-8895-48FB-9629-A8ED498AB9C5}.proxy_wumsadp|x86.ActiveCfg = proxy_wumsadp|Win32
		{84B9C4A8-8895-48FB-9629-A8ED498AB9C5}.proxy_wumsadp|x86.Build.0 = proxy_wumsadp|Win32
		{84B9C4A8-8895-48FB-9629-A8ED498AB9C5}.Release|x64.ActiveCfg = Release|x64
		{84B9C4A8-8895-48FB-9629-A8ED498AB9C5}.Release|x64.Build.0 = Release|x64
		{84B9C4A8-8895-48FB-9629-A8ED498AB9C5}.Release|x86.ActiveCfg = Release|Win32
		{84B9C4A8-8895-48FB-9629-A8ED498AB9C5}.Release|x86.Build.0 = Release|Win32
		{9924AAFF-03E5-4879-9E91-164BB279C98E}.Debug|x64.ActiveCfg = Debug|x64
		{9924AAFF-03E5-4879-9E91-164BB279C98E}.Debug|x64.Build.0 = Debug|x64
		{9924AAFF-03E5-4879-9E91-164BB279C98E}.Debug|x86.ActiveCfg = Debug|Win32
		{9924AAFF-03E5-4879-9E91-164BB279C98E}.Debug|x86.Build.0 = Debug|Win32
		{9924AAFF-03E5-4879-9E91-164BB279C98E}.proxy_wumsadp|x64.ActiveCfg = proxy_wumsadp|x64
		{9924AAFF-03E5-4879-9E91-164BB279C98E}.proxy_wumsadp|x64.Build.0 = proxy_wumsadp|x64
		{9924AAFF-03E5-4879-9E91-164BB279C98E}.proxy_wumsadp|x86.ActiveCfg = proxy_wumsadp|Win32
		{9924AAFF-03E5-4879-9E91-164BB279C98E}.proxy_wumsadp|x86.Build.0 = proxy_wumsadp|Win32
		{9924AAFF-03E5-4879-9E91-164BB279C98E}.Release|x64.ActiveCfg = Release|x64
		{9924AAFF-03E5-4879-9E91-164BB279C98E}.Release|x64.Build.0 = Release|x64
		{9924AAFF-03E5-4879-9E91-164BB279C98E}.Release|x86.ActiveCfg = Release|Win32
		{9924AAFF-03E5-4879-9E91-164BB279C98E}.Release|x86.Build.0 = Release|Win32
		{C69C2A90-2B0A-48B4-87AF-1A47451C66F0}.Debug|x64.ActiveCfg = Debug|x64
		{C69C2A90-2B0A-48B4-87AF-1A47451C66F0}.Debug|x64.Build.0 = Debug|x64
		{C69C2A90-2B0A-48B4-87AF-1A47451C66F0}.Debug|x86.ActiveCfg = Debug|Win32
		{C69C2A90-2B0A-48B4-87AF-1A47451C66F0}.Debug|x86.Build.0 = Debug|Win32
		{C69C2A90-2B0A-48B4-87AF-1A47451C66F0}.proxy_wumsadp|x64.ActiveCfg = proxy_wumsadp|x64
		{C69C2A90-2B0A-48B4-87AF-1A47451C66F0}.proxy_wumsadp|x64.Build.0 = proxy_wumsadp|x64
		{C69C2A90-2B0A-48B4-87AF-1A47451C66F0}.proxy_wumsadp|x86.ActiveCfg = proxy_wumsadp|Win32
		{C69C2A90-2B0A-48B4-87AF-1A47451C66F0}.proxy_wumsadp|x86.Build.0 = proxy_wumsadp|Win32
		{C69C2A90-2B0A-48B4-87AF-1A47451C66F0}.Release|x64.ActiveCfg = Release|x64
		{C69C2A90-2B0A-48B4-87AF-1A47451C66F0}.Release|x64.Build.0 = Release|x64
		{C69C2A90-2B0A-48B4-87AF-1A47451C66F0}.Release|x86.ActiveCfg = Release|Win32
		{C69C2A90-2B0A-48B4-87AF-1A47451C66F0}.Release|x86.Build.0 = Release|Win32
		{D5F17AF4-1819-48CE-AE76-7D0BBAACFEF3}.Debug|x64.ActiveCfg = Debug|x64
		{D5F17AF4-1819-48CE-AE76-7D0BBAACFEF3}.Debug|x64.Build.0 = Debug|x64
		{D5F17AF4-1819-48CE-AE76-7D0BBAACFEF3}.Debug|x86.ActiveCfg = Debug|Win32
		{D5F17AF4-1819-48CE-AE76-7D0BBAACFEF3}.Debug|x86.Build.0 = Debug|Win32
		{D5F17AF4-1819-48CE-AE76-7D0BBAACFEF3}.proxy_wumsadp|x64.ActiveCfg = proxy_wumsadp|x64
		{D5F17AF4-1819-48CE-AE76-7D0BBAACFEF3}.proxy_wumsadp|x64.Build.0 = proxy_wumsadp|x64
		{D5F17AF4-1819-48CE-AE76-7D0BBAACFEF3}.proxy_wumsadp|x86.ActiveCfg = proxy_wumsadp|Win32
		{D5F17AF4-1819-48CE-AE76-7D0BBAACFEF3}.proxy_wumsadp|x86.Build.0 = proxy_wumsadp|Win32
		{D5F17AF4-1819-48CE-AE76-7D0BBAACFEF3}.Release|x64.ActiveCfg = Release|x64
		{D5F17AF4-1819-48CE-AE76-7D0BBAACFEF3}.Release|x64.Build.0 = Release|x64
		{D5F17AF4-1819-48CE-AE76-7D0BBAACFEF3}.Release|x86.ActiveCfg = Release|Win32
		{D5F17AF4-1819-48CE-AE76-7D0BBAACFEF3}.Release|x86.Build.0 = Release|Win32
		{30C71824-CFEC-48AF-8E34-2B9F4BB2BEAA}.Debug|x64.ActiveCfg = Debug|x64
		{30C71824-CFEC-48AF-8E34-2B9F4BB2BEAA}.Debug|x64.Build.0 = Debug|x64
		{30C71824-CFEC-48AF-8E34-2B9F4BB2BEAA}.Debug|x86.ActiveCfg = Debug|Win32
		{30C71824-CFEC-48AF-8E34-2B9F4BB2BEAA}.Debug|x86.Build.0 = Debug|Win32
		{30C71824-CFEC-48AF-8E34-2B9F4BB2BEAA}.proxy_wumsadp|x64.ActiveCfg = proxy_wumsadp|x64
		{30C71824-CFEC-48AF-8E34-2B9F4BB2BEAA}.proxy_wumsadp|x64.Build.0 = proxy_wumsadp|x64
		{30C71824-CFEC-48AF-8E34-2B9F4BB2BEAA}.proxy_wumsadp|x86.ActiveCfg = proxy_wumsadp|Win32
		{30C71824-CFEC-48AF-8E34-2B9F4BB2BEAA}.proxy_wumsadp|x86.Build.0 = proxy_wumsadp|Win32
		{30C71824-CFEC-48AF-8E34-2B9F4BB2BEAA}.Release|x64.ActiveCfg = Release|x64
		{30C71824-CFEC-48AF-8E34-2B9F4BB2BEAA}.Release|x64.Build.0 = Release|x64
		{30C71824-CFEC-48AF-8E34-2B9F4BB2BEAA}.Release|x86.ActiveCfg = Release|Win32
		{30C71824-CFEC-48AF-8E34-2B9F4BB2BEAA}.Release|x86.Build.0 = Release|Win32
		{DFED46FD-4AA8-4BAB-BAEF-4E4FDAC9EAAB}.Debug|x64.ActiveCfg = Debug|x64
		{DFED46FD-4AA8-4BAB-BAEF-4E4FDAC9EAAB}.Debug|x64.Build.0 = Debug|x64
		{DFED46FD-4AA8-4BAB-BAEF-4E4FDAC9EAAB}.Debug|x86.ActiveCfg = Debug|Win32
		{DFED46FD-4AA8-4BAB-BAEF-4E4FDAC9EAAB}.Debug|x86.Build.0 = Debug|Win32
		{DFED46FD-4AA8-4BAB-BAEF-4E4FDAC9EAAB}.proxy_wumsadp|x64.ActiveCfg = proxy_wumsadp|x64
		{DFED46FD-4AA8-4BAB-BAEF-4E4FDAC9EAAB}.proxy_wumsadp|x64.Build.0 = proxy_wumsadp|x64
		{DFED46FD-4AA8-4BAB-BAEF-4E4FDAC9EAAB}.proxy_wumsadp|x86.ActiveCfg = proxy_wumsadp|Win32
		{DFED46FD-4AA8-4BAB-BAEF-4E4FDAC9EAAB}.proxy_wumsadp|x86.Build.0 = proxy_wumsadp|Win32
		{DFED46FD-4AA8-4BAB-BAEF-4E4FDAC9EAAB}.Release|x64.ActiveCfg = Release|x64
		{DFED46FD-4AA8-4BAB-BAEF-4E4FDAC9EAAB}.Release|x64.Build.0 = Release|x64
		{DFED46FD-4AA8-4BAB-BAEF-4E4FDAC9EAAB}.Release|x86.ActiveCfg = Release|Win32
		{DFED46FD-4AA8-4BAB-BAEF-4E4FDAC9EAAB}.Release|x86.Build.0 = Release|Win32
		{0CFEA647-3F16-4EAF-94C5-50A6BE1406A1}.Debug|x64.ActiveCfg = Debug|x64
		{0CFEA647-3F16-4EAF-94C5-50A6BE1406A1}.Debug|x64.Build.0 = Debug|x64
		{0CFEA647-3F16-4EAF-94C5-50A6BE1406A1}.Debug|x86.ActiveCfg = Debug|Win32
		{0CFEA647-3F16-4EAF-94C5-50A6BE1406A1}.Debug|x86.Build.0 = Debug|Win32
		{0CFEA647-3F16-4EAF-94C5-50A6BE1406A1}.proxy_wumsadp|x64.ActiveCfg = proxy_wumsadp|x64
		{0CFEA647-3F16-4EAF-94C5-50A6BE1406A1}.proxy_wumsadp|x64.Build.0 = proxy_wumsadp|x64
		{0CFEA647-3F16-4EAF-94C5-50A6BE1406A1}.proxy_wumsadp|x86.ActiveCfg = proxy_wumsadp|Win32
		{0CFEA647-3F16-4EAF-94C5-50A6BE1406A1}.proxy_wumsadp|x86.Build.0 = proxy_wumsadp|Win32
		{0CFEA647-3F16-4EAF-94C5-50A6BE1406A1}.Release|x64.ActiveCfg = Release|x64
		{0CFEA647-3F16-4EAF-94C5-50A6BE1406A1}.Release|x64.Build.0 = Release|x64
		{0CFEA647-3F16-4EAF-94C5-50A6BE1406A1}.Release|x86.ActiveCfg = Release|Win32
		{0CFEA647-3F16-4EAF-94C5-50A6BE1406A1}.Release|x86.Build.0 = Release|Win32
		{462CD087-FE67-4059-8F1B-7AE1613B0510}.Debug|x64.ActiveCfg = Debug|x64
		{462CD087-FE67-4059-8F1B-7AE1613B0510}.Debug|x64.Build.0 = Debug|x64
		{462CD087-FE67-4059-8F1B-7AE1613B0510}.Debug|x86.ActiveCfg = Debug|Win32
		{462CD087-FE67-4059-8F1B-7AE1613B0510}.Debug|x86.Build.0 = Debug|Win32
		{462CD087-FE67-4059-8F1B-7AE1613B0510}.proxy_wumsadp|x64.ActiveCfg = proxy_wumsadp|x64
		{462CD087-FE67-4059-8F1B-7AE1613B0510}.proxy_wumsadp|x64.Build.0 = proxy_wumsadp|x64
		{462CD087-FE67-4059-8F1B-7AE1613B0510}.proxy_wumsadp|x86.ActiveCfg = proxy_wumsadp|Win32
		{462CD087-FE67-4059-8F1B-7AE1613B0510}.proxy_wumsadp|x86.Build.0 = proxy_wumsadp|Win32
		{462CD087-FE67-4059-8F1B-7AE1613B0510}.Release|x64.ActiveCfg = Release|x64
		{462CD087-FE67-4059-8F1B-7AE1613B0510}.Release|x64.Build.0 = Release|x64
		{462CD087-FE67-4059-8F1B-7AE1613B0510}.Release|x86.ActiveCfg = Release|Win32
		{462CD087-FE67-4059-8F1B-7AE1613B0510}.Release|x86.Build.0 = Release|Win32
		{D0B7C975-583E-4F54-A3D5-436A4ED56795}.Debug|x64.ActiveCfg = Debug|x64
		{D0B7C975-583E-4F54-A3D5-436A4ED56795}.Debug|x64.Build.0 = Debug|x64
		{D0B7C975-583E-4F54-A3D5-436A4ED56795}.Debug|x86.ActiveCfg = Debug|Win32
		{D0B7C975-583E-4F54-A3D5-436A4ED56795}.Debug|x86.Build.0 = Debug|Win32
		{D0B7C975-583E-4F54-A3D5-436A4ED56795}.proxy_wumsadp|x64.ActiveCfg = proxy_wumsadp|x64
		{D0B7C975-583E-4F54-A3D5-436A4ED56795}.proxy_wumsadp|x64.Build.0 = proxy_wumsadp|x64
		{D0B7C975-583E-4F54-A3D5-436A4ED56795}.proxy_wumsadp|x86.ActiveCfg = proxy_wumsadp|Win32
		{D0B7C975-583E-4F54-A3D5-436A4ED56795}.proxy_wumsadp|x86.Build.0 = proxy_wumsadp|Win32
		{D0B7C975-583E-4F54-A3D5-436A4ED56795}.Release|x64.ActiveCfg = Release|x64
		{D0B7C975-583E-4F54-A3D5-436A4ED56795}.Release|x64.Build.0 = Release|x64
		{D0B7C975-583E-4F54-A3D5-436A4ED56795}.Release|x86.ActiveCfg = Release|Win32
		{D0B7C975-583E-4F54-A3D5-436A4ED56795}.Release|x86.Build.0 = Release|Win32
		{013FDDE8-66CB-45C3-8919-BFBFDF11852C}.Debug|x64.ActiveCfg = Debug|x64
		{013FDDE8-66CB-45C3-8919-BFBFDF11852C}.Debug|x64.Build.0 = Debug|x64
		{013FDDE8-66CB-45C3-8919-BFBFDF11852C}.Debug|x86.ActiveCfg = Debug|Win32
		{013FDDE8-66CB-45C3-8919-BFBFDF11852C}.Debug|x86.Build.0 = Debug|Win32
		{013FDDE8-66CB-45C3-8919-BFBFDF11852C}.proxy_wumsadp|x64.ActiveCfg = proxy_wumsadp|x64
		{013FDDE8-66CB-45C3-8919-BFBFDF11852C}.proxy_wumsadp|x64.Build.0 = proxy_wumsadp|x64
		{013FDDE8-66CB-45C3-8919-BFBFDF11852C}.proxy_wumsadp|x86.ActiveCfg = proxy_wumsadp|Win32
		{013FDDE8-66CB-45C3-8919-BFBFDF11852C}.proxy_wumsadp|x86.Build.0 = proxy_wumsadp|Win32
		{013FDDE8-66CB-45C3-8919-BFBFDF11852C}.Release|x64.ActiveCfg = Release|x64
		{013FDDE8-66CB-45C3-8919-BFBFDF11852C}.Release|x64.Build.0 = Release|x64
		{013FDDE8-66CB-45C3-8919-BFBFDF11852C}.Release|x86.ActiveCfg = Release|Win32
		{013FDDE8-66CB-45C3-8919-BFBFDF11852C}.Release|x86.Build.0 = Release|Win32
		{AFC544B1-50BE-46AA-9A3E-B0D5F8EFC58C}.Debug|x64.ActiveCfg = Debug|x64
		{AFC544B1-50BE-46AA-9A3E-B0D5F8EFC58C}.Debug|x64.Build.0 = Debug|x64
		{AFC544B1-50BE-46AA-9A3E-B0D5F8EFC58C}.Debug|x86.ActiveCfg = Debug|Win32
		{AFC544B1-50BE-46AA-9A3E-B0D5F8EFC58C}.Debug|x86.Build.0 = Debug|Win32
		{AFC544B1-50BE-46AA-9A3E-B0D5F8EFC58C}.proxy_wumsadp|x64.ActiveCfg = Debug|x64
		{AFC544B1-50BE-46AA-9A3E-B0D5F8EFC58C}.proxy_wumsadp|x64.Build.0 = Debug|x64
		{AFC544B1-50BE-46AA-9A3E-B0D5F8EFC58C}.proxy_wumsadp|x86.ActiveCfg = Debug|Win32
		{AFC544B1-50BE-46AA-9A3E-B0D5F8EFC58C}.proxy_wumsadp|x86.Build.0 = Debug|Win32
		{AFC544B1-50BE-46AA-9A3E-B0D5F8EFC58C}.Release|x64.ActiveCfg = Release|x64
		{AFC544B1-50BE-46AA-9A3E-B0D5F8EFC58C}.Release|x64.Build.0 = Release|x64
		{AFC544B1-50BE-46AA-9A3E-B0D5F8EFC58C}.Release|x86.ActiveCfg = Release|Win32
		{AFC544B1-50BE-46AA-9A3E-B0D5F8EFC58C}.Release|x86.Build.0 = Release|Win32
		{2E36B40D-FD37-48B2-BAC0-0B630B0B19C9}.Debug|x64.ActiveCfg = Debug|x64
		{2E36B40D-FD37-48B2-BAC0-0B630B0B19C9}.Debug|x64.Build.0 = Debug|x64
		{2E36B40D-FD37-48B2-BAC0-0B630B0B19C9}.Debug|x86.ActiveCfg = Debug|Win32
		{2E36B40D-FD37-48B2-BAC0-0B630B0B19C9}.Debug|x86.Build.0 = Debug|Win32
		{2E36B40D-FD37-48B2-BAC0-0B630B0B19C9}.proxy_wumsadp|x64.ActiveCfg = Debug|x64
		{2E36B40D-FD37-48B2-BAC0-0B630B0B19C9}.proxy_wumsadp|x64.Build.0 = Debug|x64
		{2E36B40D-FD37-48B2-BAC0-0B630B0B19C9}.proxy_wumsadp|x86.ActiveCfg = Debug|Win32
		{2E36B40D-FD37-48B2-BAC0-0B630B0B19C9}.proxy_wumsadp|x86.Build.0 = Debug|Win32
		{2E36B40D-FD37-48B2-BAC0-0B630B0B19C9}.Release|x64.ActiveCfg = Release|x64
		{2E36B40D-FD37-48B2-BAC0-0B630B0B19C9}.Release|x64.Build.0 = Release|x64
		{2E36B40D-FD37-48B2-BAC0-0B630B0B19C9}.Release|x86.ActiveCfg = Release|Win32
		{2E36B40D-FD37-48B2-BAC0-0B630B0B19C9}.Release|x86.Build.0 = Release|Win32
		{241B5A5A-F361-4C0A-8935-9C721F8DCDA1}.Debug|x64.ActiveCfg = Debug|x64
		{241B5A5A-F361-4C0A-8935-9C721F8DCDA1}.Debug|x64.Build.0 = Debug|x64
		{241B5A5A-F361-4C0A-8935-9C721F8DCDA1}.Debug|x86.ActiveCfg = Debug|Win32
		{241B5A5A-F361-4C0A-8935-9C721F8DCDA1}.Debug|x86.Build.0 = Debug|Win32
		{241B5A5A-F361-4C0A-8935-9C721F8DCDA1}.proxy_wumsadp|x64.ActiveCfg = proxy_wumsadp|x64
		{241B5A5A-F361-4C0A-8935-9C721F8DCDA1}.proxy_wumsadp|x64.Build.0 = proxy_wumsadp|x64
		{241B5A5A-F361-4C0A-8935-9C721F8DCDA1}.proxy_wumsadp|x86.ActiveCfg = proxy_wumsadp|Win32
		{241B5A5A-F361-4C0A-8935-9C721F8DCDA1}.proxy_wumsadp|x86.Build.0 = proxy_wumsadp|Win32
		{241B5A5A-F361-4C0A-8935-9C721F8DCDA1}.Release|x64.ActiveCfg = Release|x64
		{241B5A5A-F361-4C0A-8935-9C721F8DCDA1}.Release|x64.Build.0 = Release|x64
		{241B5A5A-F361-4C0A-8935-9C721F8DCDA1}.Release|x86.ActiveCfg = Release|Win32
		{241B5A5A-F361-4C0A-8935-9C721F8DCDA1}.Release|x86.Build.0 = Release|Win32
		{53963019-936E-45E5-8442-6176EA00C071}.Debug|x64.ActiveCfg = Debug|x64
		{53963019-936E-45E5-8442-6176EA00C071}.Debug|x64.Build.0 = Debug|x64
		{53963019-936E-45E5-8442-6176EA00C071}.Debug|x86.ActiveCfg = Debug|Win32
		{53963019-936E-45E5-8442-6176EA00C071}.Debug|x86.Build.0 = Debug|Win32
		{53963019-936E-45E5-8442-6176EA00C071}.proxy_wumsadp|x64.ActiveCfg = Debug|x64
		{53963019-936E-45E5-8442-6176EA00C071}.proxy_wumsadp|x64.Build.0 = Debug|x64
		{53963019-936E-45E5-8442-6176EA00C071}.proxy_wumsadp|x86.ActiveCfg = Debug|Win32
		{53963019-936E-45E5-8442-6176EA00C071}.proxy_wumsadp|x86.Build.0 = Debug|Win32
		{53963019-936E-45E5-8442-6176EA00C071}.Release|x64.ActiveCfg = Release|x64
		{53963019-936E-45E5-8442-6176EA00C071}.Release|x64.Build.0 = Release|x64
		{53963019-936E-45E5-8442-6176EA00C071}.Release|x86.ActiveCfg = Release|Win32
		{53963019-936E-45E5-8442-6176EA00C071}.Release|x86.Build.0 = Release|Win32
	EndGlobalSection
	GlobalSection(SolutionProperties) = preSolution
		HideSolutionNode = FALSE
	EndGlobalSection
	GlobalSection(ExtensibilityGlobals) = postSolution
		SolutionGuid = {0B844223-B2CF-447B-BD84-BEB81BB05E82}
	EndGlobalSection
EndGlobal
